
Microsoft Visual Studio Solution File, Format Version 12.00
# Visual Studio 15
VisualStudioVersion = 15.0.28307.136
MinimumVisualStudioVersion = 10.0.40219.1
Project("{FAE04EC0-301F-11D3-BF4B-00C04F79EFBC}") = "FastTrackerCore", "FastTrackerCore\FastTrackerCore.csproj", "{7975045D-D9FE-4695-A9D4-5A13C7866482}"
EndProject
Global
	GlobalSection(SolutionConfigurationPlatforms) = preSolution
		Debug|Any CPU = Debug|Any CPU
		Release|Any CPU = Release|Any CPU
	EndGlobalSection
	GlobalSection(ProjectConfigurationPlatforms) = postSolution
		{7975045D-D9FE-4695-A9D4-5A13C7866482}.Debug|Any CPU.ActiveCfg = Debug|Any CPU
		{7975045D-D9FE-4695-A9D4-5A13C7866482}.Debug|Any CPU.Build.0 = Debug|Any CPU
		{7975045D-D9FE-4695-A9D4-5A13C7866482}.Release|Any CPU.ActiveCfg = Release|Any CPU
		{7975045D-D9FE-4695-A9D4-5A13C7866482}.Release|Any CPU.Build.0 = Release|Any CPU
	EndGlobalSection
	GlobalSection(SolutionProperties) = preSolution
		HideSolutionNode = FALSE
	EndGlobalSection
	GlobalSection(ExtensibilityGlobals) = postSolution
		SolutionGuid = {E531DE9B-0D8F-4549-A998-5F4532747567}
	EndGlobalSection
EndGlobal
